
Microsoft Visual Studio Solution File, Format Version 12.00
# Visual Studio Version 16
VisualStudioVersion = 16.0.29503.13
MinimumVisualStudioVersion = 10.0.40219.1
Project("{FAE04EC0-301F-11D3-BF4B-00C04F79EFBC}") = "DES", "DES\DES.csproj", "{028A423E-42A6-4143-9D84-05A39DCA7753}"
EndProject
Global
	GlobalSection(SolutionConfigurationPlatforms) = preSolution
		Debug|Any CPU = Debug|Any CPU
		Release|Any CPU = Release|Any CPU
	EndGlobalSection
	GlobalSection(ProjectConfigurationPlatforms) = postSolution
		{028A423E-42A6-4143-9D84-05A39DCA7753}.Debug|Any CPU.ActiveCfg = Debug|Any CPU
		{028A423E-42A6-4143-9D84-05A39DCA7753}.Debug|Any CPU.Build.0 = Debug|Any CPU
		{028A423E-42A6-4143-9D84-05A39DCA7753}.Release|Any CPU.ActiveCfg = Release|Any CPU
		{028A423E-42A6-4143-9D84-05A39DCA7753}.Release|Any CPU.Build.0 = Release|Any CPU
	EndGlobalSection
	GlobalSection(SolutionProperties) = preSolution
		HideSolutionNode = FALSE
	EndGlobalSection
	GlobalSection(ExtensibilityGlobals) = postSolution
		SolutionGuid = {CBA1F38C-ABFF-49CD-883B-AF44F83CB90C}
	EndGlobalSection
EndGlobal
